
Microsoft Visual Studio Solution File, Format Version 10.00
# Visual Studio 2008
Project("{D2ABAB84-BF74-430A-B69E-9DC6D40DDA17}") = "NCStudioOLAP", "NCStudioOLAP\NCStudioOLAP.dwproj", "{AD3B8F8E-C95F-43FE-9199-FBB9431A074A}"
EndProject
Global
	GlobalSection(SolutionConfigurationPlatforms) = preSolution
		Development|Default = Development|Default
	EndGlobalSection
	GlobalSection(ProjectConfigurationPlatforms) = postSolution
		{AD3B8F8E-C95F-43FE-9199-FBB9431A074A}.Development|Default.ActiveCfg = Development
		{AD3B8F8E-C95F-43FE-9199-FBB9431A074A}.Development|Default.Build.0 = Development
		{AD3B8F8E-C95F-43FE-9199-FBB9431A074A}.Development|Default.Deploy.0 = Development
	EndGlobalSection
	GlobalSection(SolutionProperties) = preSolution
		HideSolutionNode = FALSE
	EndGlobalSection
EndGlobal
